
Microsoft Visual Studio Solution File, Format Version 12.00
# Visual Studio Version 17
VisualStudioVersion = 17.9.34714.143
MinimumVisualStudioVersion = 10.0.40219.1
Project("{FAE04EC0-301F-11D3-BF4B-00C04F79EFBC}") = "Actividad_1_5", "Actividad_1_5.csproj", "{6EED5F20-ED4E-487F-AB97-62C3AF900B4E}"
EndProject
Global
	GlobalSection(SolutionConfigurationPlatforms) = preSolution
		Debug|Any CPU = Debug|Any CPU
		Release|Any CPU = Release|Any CPU
	EndGlobalSection
	GlobalSection(ProjectConfigurationPlatforms) = postSolution
		{6EED5F20-ED4E-487F-AB97-62C3AF900B4E}.Debug|Any CPU.ActiveCfg = Debug|Any CPU
		{6EED5F20-ED4E-487F-AB97-62C3AF900B4E}.Debug|Any CPU.Build.0 = Debug|Any CPU
		{6EED5F20-ED4E-487F-AB97-62C3AF900B4E}.Release|Any CPU.ActiveCfg = Release|Any CPU
		{6EED5F20-ED4E-487F-AB97-62C3AF900B4E}.Release|Any CPU.Build.0 = Release|Any CPU
	EndGlobalSection
	GlobalSection(SolutionProperties) = preSolution
		HideSolutionNode = FALSE
	EndGlobalSection
	GlobalSection(ExtensibilityGlobals) = postSolution
		SolutionGuid = {7882FC17-FA39-4989-A93D-CBC933E70D56}
	EndGlobalSection
EndGlobal
